// !$*UTF8*$!
{
	archiveVersion = 1;
	classes = {
	};
	objectVersion = 55;
	objects = {

/* Begin PBXBuildFile section */
		0B95C7892880BB0D00148647 /* AppDelegate.swift in Sources */ = {isa = PBXBuildFile; fileRef = 0B95C7882880BB0D00148647 /* AppDelegate.swift */; };
		0B95C78B2880BB0D00148647 /* SceneDelegate.swift in Sources */ = {isa = PBXBuildFile; fileRef = 0B95C78A2880BB0D00148647 /* SceneDelegate.swift */; };
		0B95C78D2880BB0D00148647 /* HomeViewController.swift in Sources */ = {isa = PBXBuildFile; fileRef = 0B95C78C2880BB0D00148647 /* HomeViewController.swift */; };
		0B95C7922880BB0D00148647 /* Assets.xcassets in Resources */ = {isa = PBXBuildFile; fileRef = 0B95C7912880BB0D00148647 /* Assets.xcassets */; };
		0B95C7952880BB0D00148647 /* LaunchScreen.storyboard in Resources */ = {isa = PBXBuildFile; fileRef = 0B95C7932880BB0D00148647 /* LaunchScreen.storyboard */; };
		0B95C79B2880BB6000148647 /* UI.framework in Frameworks */ = {isa = PBXBuildFile; fileRef = 0BB8BA74287DC23D0044D1B3 /* UI.framework */; };
		0BB8BA7C287DC23D0044D1B3 /* UI.framework in Frameworks */ = {isa = PBXBuildFile; fileRef = 0BB8BA74287DC23D0044D1B3 /* UI.framework */; };
		0BB8BA81287DC23D0044D1B3 /* UITests.swift in Sources */ = {isa = PBXBuildFile; fileRef = 0BB8BA80287DC23D0044D1B3 /* UITests.swift */; };
		0BB8BA8A287DC4BF0044D1B3 /* UIView+Extension.swift in Sources */ = {isa = PBXBuildFile; fileRef = 0BB8BA89287DC4BF0044D1B3 /* UIView+Extension.swift */; };
		0BB8BA8F287DC5D70044D1B3 /* UIViewCodable.swift in Sources */ = {isa = PBXBuildFile; fileRef = 0BB8BA8E287DC5D70044D1B3 /* UIViewCodable.swift */; };
		0BB8BA92287DF2A40044D1B3 /* HomeView.swift in Sources */ = {isa = PBXBuildFile; fileRef = 0BB8BA91287DF2A40044D1B3 /* HomeView.swift */; };
		0BB8BA95287DF9E30044D1B3 /* UIViewBuilder.swift in Sources */ = {isa = PBXBuildFile; fileRef = 0BB8BA94287DF9E30044D1B3 /* UIViewBuilder.swift */; };
		0BB8BA97287DFAF20044D1B3 /* UIViewBuilderImp.swift in Sources */ = {isa = PBXBuildFile; fileRef = 0BB8BA96287DFAF20044D1B3 /* UIViewBuilderImp.swift */; };
		0BB8BA9B287E01950044D1B3 /* UIStackViewBuilderImp.swift in Sources */ = {isa = PBXBuildFile; fileRef = 0BB8BA9A287E01950044D1B3 /* UIStackViewBuilderImp.swift */; };
		0BB8BA9D287E03220044D1B3 /* UIStackViewBuilder.swift in Sources */ = {isa = PBXBuildFile; fileRef = 0BB8BA9C287E03220044D1B3 /* UIStackViewBuilder.swift */; };
		0BB8BAA0287E13140044D1B3 /* UIButtonBuilder.swift in Sources */ = {isa = PBXBuildFile; fileRef = 0BB8BA9F287E13140044D1B3 /* UIButtonBuilder.swift */; };
		0BB8BAA2287E15380044D1B3 /* UIButtonBuilderImp.swift in Sources */ = {isa = PBXBuildFile; fileRef = 0BB8BAA1287E15380044D1B3 /* UIButtonBuilderImp.swift */; };
		0BB8BAA5287F62360044D1B3 /* UILabelBuilderImp.swift in Sources */ = {isa = PBXBuildFile; fileRef = 0BB8BAA4287F62360044D1B3 /* UILabelBuilderImp.swift */; };
		0BB8BAA7287F62700044D1B3 /* UILabelBuilder.swift in Sources */ = {isa = PBXBuildFile; fileRef = 0BB8BAA6287F62700044D1B3 /* UILabelBuilder.swift */; };
		0BE397F828820A0B008C5F6F /* UIColor+Extension.swift in Sources */ = {isa = PBXBuildFile; fileRef = 0BE397F728820A0B008C5F6F /* UIColor+Extension.swift */; };
		0BE397FB28820B21008C5F6F /* CalculatorTheme.swift in Sources */ = {isa = PBXBuildFile; fileRef = 0BE397FA28820B21008C5F6F /* CalculatorTheme.swift */; };
/* End PBXBuildFile section */

/* Begin PBXContainerItemProxy section */
		0B95C79D2880BB6000148647 /* PBXContainerItemProxy */ = {
			isa = PBXContainerItemProxy;
			containerPortal = 0BB8BA5C28785D130044D1B3 /* Project object */;
			proxyType = 1;
			remoteGlobalIDString = 0BB8BA73287DC23D0044D1B3;
			remoteInfo = UI;
		};
		0BB8BA7D287DC23D0044D1B3 /* PBXContainerItemProxy */ = {
			isa = PBXContainerItemProxy;
			containerPortal = 0BB8BA5C28785D130044D1B3 /* Project object */;
			proxyType = 1;
			remoteGlobalIDString = 0BB8BA73287DC23D0044D1B3;
			remoteInfo = UI;
		};
/* End PBXContainerItemProxy section */

/* Begin PBXFileReference section */
		0B95C7862880BB0D00148647 /* Calc.app */ = {isa = PBXFileReference; explicitFileType = wrapper.application; includeInIndex = 0; path = Calc.app; sourceTree = BUILT_PRODUCTS_DIR; };
		0B95C7882880BB0D00148647 /* AppDelegate.swift */ = {isa = PBXFileReference; lastKnownFileType = sourcecode.swift; path = AppDelegate.swift; sourceTree = "<group>"; };
		0B95C78A2880BB0D00148647 /* SceneDelegate.swift */ = {isa = PBXFileReference; lastKnownFileType = sourcecode.swift; path = SceneDelegate.swift; sourceTree = "<group>"; };
		0B95C78C2880BB0D00148647 /* HomeViewController.swift */ = {isa = PBXFileReference; lastKnownFileType = sourcecode.swift; path = HomeViewController.swift; sourceTree = "<group>"; };
		0B95C7912880BB0D00148647 /* Assets.xcassets */ = {isa = PBXFileReference; lastKnownFileType = folder.assetcatalog; path = Assets.xcassets; sourceTree = "<group>"; };
		0B95C7942880BB0D00148647 /* Base */ = {isa = PBXFileReference; lastKnownFileType = file.storyboard; name = Base; path = Base.lproj/LaunchScreen.storyboard; sourceTree = "<group>"; };
		0B95C7962880BB0D00148647 /* Info.plist */ = {isa = PBXFileReference; lastKnownFileType = text.plist.xml; path = Info.plist; sourceTree = "<group>"; };
		0BB8BA74287DC23D0044D1B3 /* UI.framework */ = {isa = PBXFileReference; explicitFileType = wrapper.framework; includeInIndex = 0; path = UI.framework; sourceTree = BUILT_PRODUCTS_DIR; };
		0BB8BA7B287DC23D0044D1B3 /* UITests.xctest */ = {isa = PBXFileReference; explicitFileType = wrapper.cfbundle; includeInIndex = 0; path = UITests.xctest; sourceTree = BUILT_PRODUCTS_DIR; };
		0BB8BA80287DC23D0044D1B3 /* UITests.swift */ = {isa = PBXFileReference; lastKnownFileType = sourcecode.swift; path = UITests.swift; sourceTree = "<group>"; };
		0BB8BA89287DC4BF0044D1B3 /* UIView+Extension.swift */ = {isa = PBXFileReference; lastKnownFileType = sourcecode.swift; path = "UIView+Extension.swift"; sourceTree = "<group>"; };
		0BB8BA8E287DC5D70044D1B3 /* UIViewCodable.swift */ = {isa = PBXFileReference; lastKnownFileType = sourcecode.swift; path = UIViewCodable.swift; sourceTree = "<group>"; };
		0BB8BA91287DF2A40044D1B3 /* HomeView.swift */ = {isa = PBXFileReference; lastKnownFileType = sourcecode.swift; path = HomeView.swift; sourceTree = "<group>"; };
		0BB8BA94287DF9E30044D1B3 /* UIViewBuilder.swift */ = {isa = PBXFileReference; lastKnownFileType = sourcecode.swift; path = UIViewBuilder.swift; sourceTree = "<group>"; };
		0BB8BA96287DFAF20044D1B3 /* UIViewBuilderImp.swift */ = {isa = PBXFileReference; lastKnownFileType = sourcecode.swift; path = UIViewBuilderImp.swift; sourceTree = "<group>"; };
		0BB8BA9A287E01950044D1B3 /* UIStackViewBuilderImp.swift */ = {isa = PBXFileReference; lastKnownFileType = sourcecode.swift; path = UIStackViewBuilderImp.swift; sourceTree = "<group>"; };
		0BB8BA9C287E03220044D1B3 /* UIStackViewBuilder.swift */ = {isa = PBXFileReference; lastKnownFileType = sourcecode.swift; path = UIStackViewBuilder.swift; sourceTree = "<group>"; };
		0BB8BA9F287E13140044D1B3 /* UIButtonBuilder.swift */ = {isa = PBXFileReference; lastKnownFileType = sourcecode.swift; path = UIButtonBuilder.swift; sourceTree = "<group>"; };
		0BB8BAA1287E15380044D1B3 /* UIButtonBuilderImp.swift */ = {isa = PBXFileReference; lastKnownFileType = sourcecode.swift; path = UIButtonBuilderImp.swift; sourceTree = "<group>"; };
		0BB8BAA4287F62360044D1B3 /* UILabelBuilderImp.swift */ = {isa = PBXFileReference; lastKnownFileType = sourcecode.swift; path = UILabelBuilderImp.swift; sourceTree = "<group>"; };
		0BB8BAA6287F62700044D1B3 /* UILabelBuilder.swift */ = {isa = PBXFileReference; lastKnownFileType = sourcecode.swift; path = UILabelBuilder.swift; sourceTree = "<group>"; };
		0BE397F728820A0B008C5F6F /* UIColor+Extension.swift */ = {isa = PBXFileReference; fileEncoding = 4; lastKnownFileType = sourcecode.swift; path = "UIColor+Extension.swift"; sourceTree = "<group>"; };
		0BE397FA28820B21008C5F6F /* CalculatorTheme.swift */ = {isa = PBXFileReference; lastKnownFileType = sourcecode.swift; path = CalculatorTheme.swift; sourceTree = "<group>"; };
/* End PBXFileReference section */

/* Begin PBXFrameworksBuildPhase section */
		0B95C7832880BB0D00148647 /* Frameworks */ = {
			isa = PBXFrameworksBuildPhase;
			buildActionMask = 2147483647;
			files = (
				0B95C79B2880BB6000148647 /* UI.framework in Frameworks */,
			);
			runOnlyForDeploymentPostprocessing = 0;
		};
		0BB8BA71287DC23D0044D1B3 /* Frameworks */ = {
			isa = PBXFrameworksBuildPhase;
			buildActionMask = 2147483647;
			files = (
			);
			runOnlyForDeploymentPostprocessing = 0;
		};
		0BB8BA78287DC23D0044D1B3 /* Frameworks */ = {
			isa = PBXFrameworksBuildPhase;
			buildActionMask = 2147483647;
			files = (
				0BB8BA7C287DC23D0044D1B3 /* UI.framework in Frameworks */,
			);
			runOnlyForDeploymentPostprocessing = 0;
		};
/* End PBXFrameworksBuildPhase section */

/* Begin PBXGroup section */
		0B95C7872880BB0D00148647 /* Calc */ = {
			isa = PBXGroup;
			children = (
				0B95C7882880BB0D00148647 /* AppDelegate.swift */,
				0B95C78A2880BB0D00148647 /* SceneDelegate.swift */,
				0B95C78C2880BB0D00148647 /* HomeViewController.swift */,
				0B95C7932880BB0D00148647 /* LaunchScreen.storyboard */,
				0B95C7962880BB0D00148647 /* Info.plist */,
			);
			path = Calc;
			sourceTree = "<group>";
		};
		0B95C79A2880BB6000148647 /* Frameworks */ = {
			isa = PBXGroup;
			children = (
			);
			name = Frameworks;
			sourceTree = "<group>";
		};
		0BB8BA5B28785D130044D1B3 = {
			isa = PBXGroup;
			children = (
				0BB8BA75287DC23D0044D1B3 /* UI */,
				0BB8BA7F287DC23D0044D1B3 /* UITests */,
				0B95C7872880BB0D00148647 /* Calc */,
				0BB8BA6628785D130044D1B3 /* Products */,
				0B95C79A2880BB6000148647 /* Frameworks */,
			);
			sourceTree = "<group>";
		};
		0BB8BA6628785D130044D1B3 /* Products */ = {
			isa = PBXGroup;
			children = (
				0BB8BA74287DC23D0044D1B3 /* UI.framework */,
				0BB8BA7B287DC23D0044D1B3 /* UITests.xctest */,
				0B95C7862880BB0D00148647 /* Calc.app */,
			);
			name = Products;
			sourceTree = "<group>";
		};
		0BB8BA75287DC23D0044D1B3 /* UI */ = {
			isa = PBXGroup;
			children = (
				0BB8BA8B287DC50C0044D1B3 /* UIKit */,
			);
			path = UI;
			sourceTree = "<group>";
		};
		0BB8BA7F287DC23D0044D1B3 /* UITests */ = {
			isa = PBXGroup;
			children = (
				0BB8BA80287DC23D0044D1B3 /* UITests.swift */,
			);
			path = UITests;
			sourceTree = "<group>";
		};
		0BB8BA8B287DC50C0044D1B3 /* UIKit */ = {
			isa = PBXGroup;
			children = (
				0BE397F928820B13008C5F6F /* Theme */,
				0B95C7912880BB0D00148647 /* Assets.xcassets */,
				0BB8BA90287DCB7A0044D1B3 /* UIViewCodable */,
				0BB8BA8D287DC5A70044D1B3 /* UIView */,
				0BB8BA8C287DC5170044D1B3 /* Extensions */,
			);
			path = UIKit;
			sourceTree = "<group>";
		};
		0BB8BA8C287DC5170044D1B3 /* Extensions */ = {
			isa = PBXGroup;
			children = (
				0BE397F728820A0B008C5F6F /* UIColor+Extension.swift */,
				0BB8BA89287DC4BF0044D1B3 /* UIView+Extension.swift */,
			);
			path = Extensions;
			sourceTree = "<group>";
		};
		0BB8BA8D287DC5A70044D1B3 /* UIView */ = {
			isa = PBXGroup;
			children = (
				0BB8BA93287DF73D0044D1B3 /* Builder */,
				0BB8BA8E287DC5D70044D1B3 /* UIViewCodable.swift */,
			);
			path = UIView;
			sourceTree = "<group>";
		};
		0BB8BA90287DCB7A0044D1B3 /* UIViewCodable */ = {
			isa = PBXGroup;
			children = (
				0BB8BA91287DF2A40044D1B3 /* HomeView.swift */,
			);
			path = UIViewCodable;
			sourceTree = "<group>";
		};
		0BB8BA93287DF73D0044D1B3 /* Builder */ = {
			isa = PBXGroup;
			children = (
				0BB8BAA3287F61C60044D1B3 /* UILabel */,
				0BB8BA9E287E12DF0044D1B3 /* UIButton */,
				0BB8BA99287E01660044D1B3 /* UIStackView */,
				0BB8BA98287E014B0044D1B3 /* UIView */,
			);
			path = Builder;
			sourceTree = "<group>";
		};
		0BB8BA98287E014B0044D1B3 /* UIView */ = {
			isa = PBXGroup;
			children = (
				0BB8BA94287DF9E30044D1B3 /* UIViewBuilder.swift */,
				0BB8BA96287DFAF20044D1B3 /* UIViewBuilderImp.swift */,
			);
			path = UIView;
			sourceTree = "<group>";
		};
		0BB8BA99287E01660044D1B3 /* UIStackView */ = {
			isa = PBXGroup;
			children = (
				0BB8BA9A287E01950044D1B3 /* UIStackViewBuilderImp.swift */,
				0BB8BA9C287E03220044D1B3 /* UIStackViewBuilder.swift */,
			);
			path = UIStackView;
			sourceTree = "<group>";
		};
		0BB8BA9E287E12DF0044D1B3 /* UIButton */ = {
			isa = PBXGroup;
			children = (
				0BB8BA9F287E13140044D1B3 /* UIButtonBuilder.swift */,
				0BB8BAA1287E15380044D1B3 /* UIButtonBuilderImp.swift */,
			);
			path = UIButton;
			sourceTree = "<group>";
		};
		0BB8BAA3287F61C60044D1B3 /* UILabel */ = {
			isa = PBXGroup;
			children = (
				0BB8BAA4287F62360044D1B3 /* UILabelBuilderImp.swift */,
				0BB8BAA6287F62700044D1B3 /* UILabelBuilder.swift */,
			);
			path = UILabel;
			sourceTree = "<group>";
		};
		0BE397F928820B13008C5F6F /* Theme */ = {
			isa = PBXGroup;
			children = (
				0BE397FA28820B21008C5F6F /* CalculatorTheme.swift */,
			);
			path = Theme;
			sourceTree = "<group>";
		};
/* End PBXGroup section */

/* Begin PBXHeadersBuildPhase section */
		0BB8BA6F287DC23D0044D1B3 /* Headers */ = {
			isa = PBXHeadersBuildPhase;
			buildActionMask = 2147483647;
			files = (
			);
			runOnlyForDeploymentPostprocessing = 0;
		};
/* End PBXHeadersBuildPhase section */

/* Begin PBXNativeTarget section */
		0B95C7852880BB0D00148647 /* Calc */ = {
			isa = PBXNativeTarget;
			buildConfigurationList = 0B95C7992880BB0D00148647 /* Build configuration list for PBXNativeTarget "Calc" */;
			buildPhases = (
				0B95C7822880BB0D00148647 /* Sources */,
				0B95C7832880BB0D00148647 /* Frameworks */,
				0B95C7842880BB0D00148647 /* Resources */,
			);
			buildRules = (
			);
			dependencies = (
				0B95C79E2880BB6000148647 /* PBXTargetDependency */,
			);
			name = Calc;
			productName = Calc;
			productReference = 0B95C7862880BB0D00148647 /* Calc.app */;
			productType = "com.apple.product-type.application";
		};
		0BB8BA73287DC23D0044D1B3 /* UI */ = {
			isa = PBXNativeTarget;
			buildConfigurationList = 0BB8BA87287DC23D0044D1B3 /* Build configuration list for PBXNativeTarget "UI" */;
			buildPhases = (
				0BB8BA6F287DC23D0044D1B3 /* Headers */,
				0BB8BA70287DC23D0044D1B3 /* Sources */,
				0BB8BA71287DC23D0044D1B3 /* Frameworks */,
				0BB8BA72287DC23D0044D1B3 /* Resources */,
			);
			buildRules = (
			);
			dependencies = (
			);
			name = UI;
			productName = UI;
			productReference = 0BB8BA74287DC23D0044D1B3 /* UI.framework */;
			productType = "com.apple.product-type.framework";
		};
		0BB8BA7A287DC23D0044D1B3 /* UITests */ = {
			isa = PBXNativeTarget;
			buildConfigurationList = 0BB8BA88287DC23D0044D1B3 /* Build configuration list for PBXNativeTarget "UITests" */;
			buildPhases = (
				0BB8BA77287DC23D0044D1B3 /* Sources */,
				0BB8BA78287DC23D0044D1B3 /* Frameworks */,
				0BB8BA79287DC23D0044D1B3 /* Resources */,
			);
			buildRules = (
			);
			dependencies = (
				0BB8BA7E287DC23D0044D1B3 /* PBXTargetDependency */,
			);
			name = UITests;
			productName = UITests;
			productReference = 0BB8BA7B287DC23D0044D1B3 /* UITests.xctest */;
			productType = "com.apple.product-type.bundle.unit-test";
		};
/* End PBXNativeTarget section */

/* Begin PBXProject section */
		0BB8BA5C28785D130044D1B3 /* Project object */ = {
			isa = PBXProject;
			attributes = {
				BuildIndependentTargetsInParallel = 1;
				LastSwiftUpdateCheck = 1340;
				LastUpgradeCheck = 1340;
				TargetAttributes = {
					0B95C7852880BB0D00148647 = {
						CreatedOnToolsVersion = 13.4.1;
					};
					0BB8BA73287DC23D0044D1B3 = {
						CreatedOnToolsVersion = 13.4.1;
						LastSwiftMigration = 1340;
					};
					0BB8BA7A287DC23D0044D1B3 = {
						CreatedOnToolsVersion = 13.4.1;
					};
				};
			};
			buildConfigurationList = 0BB8BA5F28785D130044D1B3 /* Build configuration list for PBXProject "Calc" */;
			compatibilityVersion = "Xcode 13.0";
			developmentRegion = en;
			hasScannedForEncodings = 0;
			knownRegions = (
				en,
				Base,
			);
			mainGroup = 0BB8BA5B28785D130044D1B3;
			productRefGroup = 0BB8BA6628785D130044D1B3 /* Products */;
			projectDirPath = "";
			projectRoot = "";
			targets = (
				0BB8BA73287DC23D0044D1B3 /* UI */,
				0BB8BA7A287DC23D0044D1B3 /* UITests */,
				0B95C7852880BB0D00148647 /* Calc */,
			);
		};
/* End PBXProject section */

/* Begin PBXResourcesBuildPhase section */
		0B95C7842880BB0D00148647 /* Resources */ = {
			isa = PBXResourcesBuildPhase;
			buildActionMask = 2147483647;
			files = (
				0B95C7952880BB0D00148647 /* LaunchScreen.storyboard in Resources */,
				0B95C7922880BB0D00148647 /* Assets.xcassets in Resources */,
			);
			runOnlyForDeploymentPostprocessing = 0;
		};
		0BB8BA72287DC23D0044D1B3 /* Resources */ = {
			isa = PBXResourcesBuildPhase;
			buildActionMask = 2147483647;
			files = (
			);
			runOnlyForDeploymentPostprocessing = 0;
		};
		0BB8BA79287DC23D0044D1B3 /* Resources */ = {
			isa = PBXResourcesBuildPhase;
			buildActionMask = 2147483647;
			files = (
			);
			runOnlyForDeploymentPostprocessing = 0;
		};
/* End PBXResourcesBuildPhase section */

/* Begin PBXSourcesBuildPhase section */
		0B95C7822880BB0D00148647 /* Sources */ = {
			isa = PBXSourcesBuildPhase;
			buildActionMask = 2147483647;
			files = (
				0B95C78D2880BB0D00148647 /* HomeViewController.swift in Sources */,
				0B95C7892880BB0D00148647 /* AppDelegate.swift in Sources */,
				0B95C78B2880BB0D00148647 /* SceneDelegate.swift in Sources */,
			);
			runOnlyForDeploymentPostprocessing = 0;
		};
		0BB8BA70287DC23D0044D1B3 /* Sources */ = {
			isa = PBXSourcesBuildPhase;
			buildActionMask = 2147483647;
			files = (
				0BB8BAA7287F62700044D1B3 /* UILabelBuilder.swift in Sources */,
				0BB8BA9D287E03220044D1B3 /* UIStackViewBuilder.swift in Sources */,
				0BB8BAA0287E13140044D1B3 /* UIButtonBuilder.swift in Sources */,
				0BB8BA92287DF2A40044D1B3 /* HomeView.swift in Sources */,
				0BB8BA8A287DC4BF0044D1B3 /* UIView+Extension.swift in Sources */,
				0BB8BA95287DF9E30044D1B3 /* UIViewBuilder.swift in Sources */,
				0BE397FB28820B21008C5F6F /* CalculatorTheme.swift in Sources */,
				0BB8BAA2287E15380044D1B3 /* UIButtonBuilderImp.swift in Sources */,
				0BE397F828820A0B008C5F6F /* UIColor+Extension.swift in Sources */,
				0BB8BA97287DFAF20044D1B3 /* UIViewBuilderImp.swift in Sources */,
				0BB8BAA5287F62360044D1B3 /* UILabelBuilderImp.swift in Sources */,
				0BB8BA9B287E01950044D1B3 /* UIStackViewBuilderImp.swift in Sources */,
				0BB8BA8F287DC5D70044D1B3 /* UIViewCodable.swift in Sources */,
			);
			runOnlyForDeploymentPostprocessing = 0;
		};
		0BB8BA77287DC23D0044D1B3 /* Sources */ = {
			isa = PBXSourcesBuildPhase;
			buildActionMask = 2147483647;
			files = (
				0BB8BA81287DC23D0044D1B3 /* UITests.swift in Sources */,
			);
			runOnlyForDeploymentPostprocessing = 0;
		};
/* End PBXSourcesBuildPhase section */

/* Begin PBXTargetDependency section */
		0B95C79E2880BB6000148647 /* PBXTargetDependency */ = {
			isa = PBXTargetDependency;
			target = 0BB8BA73287DC23D0044D1B3 /* UI */;
			targetProxy = 0B95C79D2880BB6000148647 /* PBXContainerItemProxy */;
		};
		0BB8BA7E287DC23D0044D1B3 /* PBXTargetDependency */ = {
			isa = PBXTargetDependency;
			target = 0BB8BA73287DC23D0044D1B3 /* UI */;
			targetProxy = 0BB8BA7D287DC23D0044D1B3 /* PBXContainerItemProxy */;
		};
/* End PBXTargetDependency section */

/* Begin PBXVariantGroup section */
		0B95C7932880BB0D00148647 /* LaunchScreen.storyboard */ = {
			isa = PBXVariantGroup;
			children = (
				0B95C7942880BB0D00148647 /* Base */,
			);
			name = LaunchScreen.storyboard;
			sourceTree = "<group>";
		};
/* End PBXVariantGroup section */

/* Begin XCBuildConfiguration section */
		0B95C7972880BB0D00148647 /* Debug */ = {
			isa = XCBuildConfiguration;
			buildSettings = {
				ASSETCATALOG_COMPILER_APPICON_NAME = AppIcon;
				ASSETCATALOG_COMPILER_GLOBAL_ACCENT_COLOR_NAME = AccentColor;
				CODE_SIGN_STYLE = Automatic;
				CURRENT_PROJECT_VERSION = 1;
				DEVELOPMENT_TEAM = C434CHPZ37;
				GENERATE_INFOPLIST_FILE = YES;
				INFOPLIST_FILE = Calc/Info.plist;
				INFOPLIST_KEY_UIApplicationSupportsIndirectInputEvents = YES;
				INFOPLIST_KEY_UILaunchStoryboardName = LaunchScreen;
				INFOPLIST_KEY_UISupportedInterfaceOrientations = UIInterfaceOrientationPortrait;
				INFOPLIST_KEY_UISupportedInterfaceOrientations_iPad = "UIInterfaceOrientationPortrait UIInterfaceOrientationPortraitUpsideDown UIInterfaceOrientationLandscapeLeft UIInterfaceOrientationLandscapeRight";
				INFOPLIST_KEY_UISupportedInterfaceOrientations_iPhone = "UIInterfaceOrientationPortrait UIInterfaceOrientationLandscapeLeft UIInterfaceOrientationLandscapeRight";
				IPHONEOS_DEPLOYMENT_TARGET = 15.5;
				LD_RUNPATH_SEARCH_PATHS = (
					"$(inherited)",
					"@executable_path/Frameworks",
				);
				MARKETING_VERSION = 1.0;
				PRODUCT_BUNDLE_IDENTIFIER = com.hoffsilva.Calc;
				PRODUCT_NAME = "$(TARGET_NAME)";
				SDKROOT = iphoneos;
				SWIFT_EMIT_LOC_STRINGS = YES;
				SWIFT_VERSION = 5.0;
				TARGETED_DEVICE_FAMILY = "1,2";
			};
			name = Debug;
		};
		0B95C7982880BB0D00148647 /* Release */ = {
			isa = XCBuildConfiguration;
			buildSettings = {
				ASSETCATALOG_COMPILER_APPICON_NAME = AppIcon;
				ASSETCATALOG_COMPILER_GLOBAL_ACCENT_COLOR_NAME = AccentColor;
				CODE_SIGN_STYLE = Automatic;
				CURRENT_PROJECT_VERSION = 1;
				DEVELOPMENT_TEAM = C434CHPZ37;
				GENERATE_INFOPLIST_FILE = YES;
				INFOPLIST_FILE = Calc/Info.plist;
				INFOPLIST_KEY_UIApplicationSupportsIndirectInputEvents = YES;
				INFOPLIST_KEY_UILaunchStoryboardName = LaunchScreen;
				INFOPLIST_KEY_UISupportedInterfaceOrientations = UIInterfaceOrientationPortrait;
				INFOPLIST_KEY_UISupportedInterfaceOrientations_iPad = "UIInterfaceOrientationPortrait UIInterfaceOrientationPortraitUpsideDown UIInterfaceOrientationLandscapeLeft UIInterfaceOrientationLandscapeRight";
				INFOPLIST_KEY_UISupportedInterfaceOrientations_iPhone = "UIInterfaceOrientationPortrait UIInterfaceOrientationLandscapeLeft UIInterfaceOrientationLandscapeRight";
				IPHONEOS_DEPLOYMENT_TARGET = 15.5;
				LD_RUNPATH_SEARCH_PATHS = (
					"$(inherited)",
					"@executable_path/Frameworks",
				);
				MARKETING_VERSION = 1.0;
				PRODUCT_BUNDLE_IDENTIFIER = com.hoffsilva.Calc;
				PRODUCT_NAME = "$(TARGET_NAME)";
				SDKROOT = iphoneos;
				SWIFT_EMIT_LOC_STRINGS = YES;
				SWIFT_VERSION = 5.0;
				TARGETED_DEVICE_FAMILY = "1,2";
				VALIDATE_PRODUCT = YES;
			};
			name = Release;
		};
		0BB8BA6A28785D130044D1B3 /* Debug */ = {
			isa = XCBuildConfiguration;
			buildSettings = {
				ALWAYS_SEARCH_USER_PATHS = NO;
				CLANG_ANALYZER_NONNULL = YES;
				CLANG_ANALYZER_NUMBER_OBJECT_CONVERSION = YES_AGGRESSIVE;
				CLANG_CXX_LANGUAGE_STANDARD = "gnu++17";
				CLANG_ENABLE_MODULES = YES;
				CLANG_ENABLE_OBJC_ARC = YES;
				CLANG_ENABLE_OBJC_WEAK = YES;
				CLANG_WARN_BLOCK_CAPTURE_AUTORELEASING = YES;
				CLANG_WARN_BOOL_CONVERSION = YES;
				CLANG_WARN_COMMA = YES;
				CLANG_WARN_CONSTANT_CONVERSION = YES;
				CLANG_WARN_DEPRECATED_OBJC_IMPLEMENTATIONS = YES;
				CLANG_WARN_DIRECT_OBJC_ISA_USAGE = YES_ERROR;
				CLANG_WARN_DOCUMENTATION_COMMENTS = YES;
				CLANG_WARN_EMPTY_BODY = YES;
				CLANG_WARN_ENUM_CONVERSION = YES;
				CLANG_WARN_INFINITE_RECURSION = YES;
				CLANG_WARN_INT_CONVERSION = YES;
				CLANG_WARN_NON_LITERAL_NULL_CONVERSION = YES;
				CLANG_WARN_OBJC_IMPLICIT_RETAIN_SELF = YES;
				CLANG_WARN_OBJC_LITERAL_CONVERSION = YES;
				CLANG_WARN_OBJC_ROOT_CLASS = YES_ERROR;
				CLANG_WARN_QUOTED_INCLUDE_IN_FRAMEWORK_HEADER = YES;
				CLANG_WARN_RANGE_LOOP_ANALYSIS = YES;
				CLANG_WARN_STRICT_PROTOTYPES = YES;
				CLANG_WARN_SUSPICIOUS_MOVE = YES;
				CLANG_WARN_UNGUARDED_AVAILABILITY = YES_AGGRESSIVE;
				CLANG_WARN_UNREACHABLE_CODE = YES;
				CLANG_WARN__DUPLICATE_METHOD_MATCH = YES;
				COPY_PHASE_STRIP = NO;
				CURRENT_PROJECT_VERSION = 1;
				DEBUG_INFORMATION_FORMAT = dwarf;
				ENABLE_STRICT_OBJC_MSGSEND = YES;
				ENABLE_TESTABILITY = YES;
				GCC_C_LANGUAGE_STANDARD = gnu11;
				GCC_DYNAMIC_NO_PIC = NO;
				GCC_NO_COMMON_BLOCKS = YES;
				GCC_OPTIMIZATION_LEVEL = 0;
				GCC_PREPROCESSOR_DEFINITIONS = (
					"DEBUG=1",
					"$(inherited)",
				);
				GCC_WARN_64_TO_32_BIT_CONVERSION = YES;
				GCC_WARN_ABOUT_RETURN_TYPE = YES_ERROR;
				GCC_WARN_UNDECLARED_SELECTOR = YES;
				GCC_WARN_UNINITIALIZED_AUTOS = YES_AGGRESSIVE;
				GCC_WARN_UNUSED_FUNCTION = YES;
				GCC_WARN_UNUSED_VARIABLE = YES;
				MACOSX_DEPLOYMENT_TARGET = 12.3;
				MTL_ENABLE_DEBUG_INFO = INCLUDE_SOURCE;
				MTL_FAST_MATH = YES;
				ONLY_ACTIVE_ARCH = YES;
				SDKROOT = macosx;
				SWIFT_ACTIVE_COMPILATION_CONDITIONS = DEBUG;
				SWIFT_OPTIMIZATION_LEVEL = "-Onone";
				VERSIONING_SYSTEM = "apple-generic";
				VERSION_INFO_PREFIX = "";
			};
			name = Debug;
		};
		0BB8BA6B28785D130044D1B3 /* Release */ = {
			isa = XCBuildConfiguration;
			buildSettings = {
				ALWAYS_SEARCH_USER_PATHS = NO;
				CLANG_ANALYZER_NONNULL = YES;
				CLANG_ANALYZER_NUMBER_OBJECT_CONVERSION = YES_AGGRESSIVE;
				CLANG_CXX_LANGUAGE_STANDARD = "gnu++17";
				CLANG_ENABLE_MODULES = YES;
				CLANG_ENABLE_OBJC_ARC = YES;
				CLANG_ENABLE_OBJC_WEAK = YES;
				CLANG_WARN_BLOCK_CAPTURE_AUTORELEASING = YES;
				CLANG_WARN_BOOL_CONVERSION = YES;
				CLANG_WARN_COMMA = YES;
				CLANG_WARN_CONSTANT_CONVERSION = YES;
				CLANG_WARN_DEPRECATED_OBJC_IMPLEMENTATIONS = YES;
				CLANG_WARN_DIRECT_OBJC_ISA_USAGE = YES_ERROR;
				CLANG_WARN_DOCUMENTATION_COMMENTS = YES;
				CLANG_WARN_EMPTY_BODY = YES;
				CLANG_WARN_ENUM_CONVERSION = YES;
				CLANG_WARN_INFINITE_RECURSION = YES;
				CLANG_WARN_INT_CONVERSION = YES;
				CLANG_WARN_NON_LITERAL_NULL_CONVERSION = YES;
				CLANG_WARN_OBJC_IMPLICIT_RETAIN_SELF = YES;
				CLANG_WARN_OBJC_LITERAL_CONVERSION = YES;
				CLANG_WARN_OBJC_ROOT_CLASS = YES_ERROR;
				CLANG_WARN_QUOTED_INCLUDE_IN_FRAMEWORK_HEADER = YES;
				CLANG_WARN_RANGE_LOOP_ANALYSIS = YES;
				CLANG_WARN_STRICT_PROTOTYPES = YES;
				CLANG_WARN_SUSPICIOUS_MOVE = YES;
				CLANG_WARN_UNGUARDED_AVAILABILITY = YES_AGGRESSIVE;
				CLANG_WARN_UNREACHABLE_CODE = YES;
				CLANG_WARN__DUPLICATE_METHOD_MATCH = YES;
				COPY_PHASE_STRIP = NO;
				CURRENT_PROJECT_VERSION = 1;
				DEBUG_INFORMATION_FORMAT = "dwarf-with-dsym";
				ENABLE_NS_ASSERTIONS = NO;
				ENABLE_STRICT_OBJC_MSGSEND = YES;
				GCC_C_LANGUAGE_STANDARD = gnu11;
				GCC_NO_COMMON_BLOCKS = YES;
				GCC_WARN_64_TO_32_BIT_CONVERSION = YES;
				GCC_WARN_ABOUT_RETURN_TYPE = YES_ERROR;
				GCC_WARN_UNDECLARED_SELECTOR = YES;
				GCC_WARN_UNINITIALIZED_AUTOS = YES_AGGRESSIVE;
				GCC_WARN_UNUSED_FUNCTION = YES;
				GCC_WARN_UNUSED_VARIABLE = YES;
				MACOSX_DEPLOYMENT_TARGET = 12.3;
				MTL_ENABLE_DEBUG_INFO = NO;
				MTL_FAST_MATH = YES;
				SDKROOT = macosx;
				SWIFT_COMPILATION_MODE = wholemodule;
				SWIFT_OPTIMIZATION_LEVEL = "-O";
				VERSIONING_SYSTEM = "apple-generic";
				VERSION_INFO_PREFIX = "";
			};
			name = Release;
		};
		0BB8BA83287DC23D0044D1B3 /* Debug */ = {
			isa = XCBuildConfiguration;
			buildSettings = {
				CLANG_ENABLE_MODULES = YES;
				CODE_SIGN_STYLE = Automatic;
				CURRENT_PROJECT_VERSION = 1;
				DEFINES_MODULE = YES;
				DEVELOPMENT_TEAM = C434CHPZ37;
				DYLIB_COMPATIBILITY_VERSION = 1;
				DYLIB_CURRENT_VERSION = 1;
				DYLIB_INSTALL_NAME_BASE = "@rpath";
				GENERATE_INFOPLIST_FILE = YES;
				INFOPLIST_KEY_NSHumanReadableCopyright = "";
				INSTALL_PATH = "$(LOCAL_LIBRARY_DIR)/Frameworks";
				IPHONEOS_DEPLOYMENT_TARGET = 15.5;
				LD_RUNPATH_SEARCH_PATHS = (
					"$(inherited)",
					"@executable_path/Frameworks",
					"@loader_path/Frameworks",
				);
				MARKETING_VERSION = 1.0;
				PRODUCT_BUNDLE_IDENTIFIER = com.hoffsilva.UI;
				PRODUCT_NAME = "$(TARGET_NAME:c99extidentifier)";
				SDKROOT = iphoneos;
				SKIP_INSTALL = YES;
				SUPPORTED_PLATFORMS = "iphonesimulator iphoneos macosx";
				SWIFT_EMIT_LOC_STRINGS = YES;
				SWIFT_OPTIMIZATION_LEVEL = "-Onone";
				SWIFT_VERSION = 5.0;
				TARGETED_DEVICE_FAMILY = "1,2";
			};
			name = Debug;
		};
		0BB8BA84287DC23D0044D1B3 /* Release */ = {
			isa = XCBuildConfiguration;
			buildSettings = {
				CLANG_ENABLE_MODULES = YES;
				CODE_SIGN_STYLE = Automatic;
				CURRENT_PROJECT_VERSION = 1;
				DEFINES_MODULE = YES;
				DEVELOPMENT_TEAM = C434CHPZ37;
				DYLIB_COMPATIBILITY_VERSION = 1;
				DYLIB_CURRENT_VERSION = 1;
				DYLIB_INSTALL_NAME_BASE = "@rpath";
				GENERATE_INFOPLIST_FILE = YES;
				INFOPLIST_KEY_NSHumanReadableCopyright = "";
				INSTALL_PATH = "$(LOCAL_LIBRARY_DIR)/Frameworks";
				IPHONEOS_DEPLOYMENT_TARGET = 15.5;
				LD_RUNPATH_SEARCH_PATHS = (
					"$(inherited)",
					"@executable_path/Frameworks",
					"@loader_path/Frameworks",
				);
				MARKETING_VERSION = 1.0;
				PRODUCT_BUNDLE_IDENTIFIER = com.hoffsilva.UI;
				PRODUCT_NAME = "$(TARGET_NAME:c99extidentifier)";
				SDKROOT = iphoneos;
				SKIP_INSTALL = YES;
				SUPPORTED_PLATFORMS = "iphonesimulator iphoneos macosx";
				SWIFT_EMIT_LOC_STRINGS = YES;
				SWIFT_VERSION = 5.0;
				TARGETED_DEVICE_FAMILY = "1,2";
				VALIDATE_PRODUCT = YES;
			};
			name = Release;
		};
		0BB8BA85287DC23D0044D1B3 /* Debug */ = {
			isa = XCBuildConfiguration;
			buildSettings = {
				ALWAYS_EMBED_SWIFT_STANDARD_LIBRARIES = YES;
				CODE_SIGN_STYLE = Automatic;
				CURRENT_PROJECT_VERSION = 1;
				DEVELOPMENT_TEAM = C434CHPZ37;
				GENERATE_INFOPLIST_FILE = YES;
				IPHONEOS_DEPLOYMENT_TARGET = 15.5;
				MARKETING_VERSION = 1.0;
				PRODUCT_BUNDLE_IDENTIFIER = com.hoffsilva.UITests;
				PRODUCT_NAME = "$(TARGET_NAME)";
				SDKROOT = iphoneos;
				SUPPORTED_PLATFORMS = "iphonesimulator iphoneos macosx";
				SWIFT_EMIT_LOC_STRINGS = NO;
				SWIFT_VERSION = 5.0;
				TARGETED_DEVICE_FAMILY = "1,2";
			};
			name = Debug;
		};
		0BB8BA86287DC23D0044D1B3 /* Release */ = {
			isa = XCBuildConfiguration;
			buildSettings = {
				ALWAYS_EMBED_SWIFT_STANDARD_LIBRARIES = YES;
				CODE_SIGN_STYLE = Automatic;
				CURRENT_PROJECT_VERSION = 1;
				DEVELOPMENT_TEAM = C434CHPZ37;
				GENERATE_INFOPLIST_FILE = YES;
				IPHONEOS_DEPLOYMENT_TARGET = 15.5;
				MARKETING_VERSION = 1.0;
				PRODUCT_BUNDLE_IDENTIFIER = com.hoffsilva.UITests;
				PRODUCT_NAME = "$(TARGET_NAME)";
				SDKROOT = iphoneos;
				SUPPORTED_PLATFORMS = "iphonesimulator iphoneos macosx";
				SWIFT_EMIT_LOC_STRINGS = NO;
				SWIFT_VERSION = 5.0;
				TARGETED_DEVICE_FAMILY = "1,2";
				VALIDATE_PRODUCT = YES;
			};
			name = Release;
		};
/* End XCBuildConfiguration section */

/* Begin XCConfigurationList section */
		0B95C7992880BB0D00148647 /* Build configuration list for PBXNativeTarget "Calc" */ = {
			isa = XCConfigurationList;
			buildConfigurations = (
				0B95C7972880BB0D00148647 /* Debug */,
				0B95C7982880BB0D00148647 /* Release */,
			);
			defaultConfigurationIsVisible = 0;
			defaultConfigurationName = Release;
		};
		0BB8BA5F28785D130044D1B3 /* Build configuration list for PBXProject "Calc" */ = {
			isa = XCConfigurationList;
			buildConfigurations = (
				0BB8BA6A28785D130044D1B3 /* Debug */,
				0BB8BA6B28785D130044D1B3 /* Release */,
			);
			defaultConfigurationIsVisible = 0;
			defaultConfigurationName = Release;
		};
		0BB8BA87287DC23D0044D1B3 /* Build configuration list for PBXNativeTarget "UI" */ = {
			isa = XCConfigurationList;
			buildConfigurations = (
				0BB8BA83287DC23D0044D1B3 /* Debug */,
				0BB8BA84287DC23D0044D1B3 /* Release */,
			);
			defaultConfigurationIsVisible = 0;
			defaultConfigurationName = Release;
		};
		0BB8BA88287DC23D0044D1B3 /* Build configuration list for PBXNativeTarget "UITests" */ = {
			isa = XCConfigurationList;
			buildConfigurations = (
				0BB8BA85287DC23D0044D1B3 /* Debug */,
				0BB8BA86287DC23D0044D1B3 /* Release */,
			);
			defaultConfigurationIsVisible = 0;
			defaultConfigurationName = Release;
		};
/* End XCConfigurationList section */
	};
	rootObject = 0BB8BA5C28785D130044D1B3 /* Project object */;
}
